
Microsoft Visual Studio Solution File, Format Version 12.00
Project("{2150E333-8FDC-42A3-9474-1A3956D46DE8}") = "1.Library", "1.Library", "{26E2517E-2798-46D5-96D0-1EC4C8CBC5D9}"
EndProject
Project("{FAE04EC0-301F-11D3-BF4B-00C04F79EFBC}") = "UBike.Common", "UBike.Common\UBike.Common.csproj", "{87C217BE-D76D-45EF-B8ED-145211A57851}"
EndProject
Project("{FAE04EC0-301F-11D3-BF4B-00C04F79EFBC}") = "UBike.Respository", "UBike.Respository\UBike.Respository.csproj", "{E1331D9C-C4BA-44ED-A9F8-42540E8509A9}"
EndProject
Project("{FAE04EC0-301F-11D3-BF4B-00C04F79EFBC}") = "UBike.Service", "UBike.Service\UBike.Service.csproj", "{B0A7A8D6-88A6-464A-A065-0A701AF6D0B9}"
EndProject
Project("{2150E333-8FDC-42A3-9474-1A3956D46DE8}") = "2.Web", "2.Web", "{C81A151D-1EA1-49D6-8A16-4F35A0E05ED4}"
EndProject
Project("{2150E333-8FDC-42A3-9474-1A3956D46DE8}") = "3.Hangfire", "3.Hangfire", "{D80B7FB0-5DE9-4781-8A05-ABC798B3A90C}"
EndProject
Project("{FAE04EC0-301F-11D3-BF4B-00C04F79EFBC}") = "UBike.Hangfire", "UBike.Hangfire\UBike.Hangfire.csproj", "{6BDE497D-79AA-4807-98BC-99C87611FC9A}"
EndProject
Project("{FAE04EC0-301F-11D3-BF4B-00C04F79EFBC}") = "UBike.WebApplication", "UBike.WebApplication\UBike.WebApplication.csproj", "{EFF5C5AD-C7A5-4492-AFDE-2842B60D2443}"
EndProject
Global
	GlobalSection(SolutionConfigurationPlatforms) = preSolution
		Debug|Any CPU = Debug|Any CPU
		Release|Any CPU = Release|Any CPU
	EndGlobalSection
	GlobalSection(NestedProjects) = preSolution
		{87C217BE-D76D-45EF-B8ED-145211A57851} = {26E2517E-2798-46D5-96D0-1EC4C8CBC5D9}
		{E1331D9C-C4BA-44ED-A9F8-42540E8509A9} = {26E2517E-2798-46D5-96D0-1EC4C8CBC5D9}
		{B0A7A8D6-88A6-464A-A065-0A701AF6D0B9} = {26E2517E-2798-46D5-96D0-1EC4C8CBC5D9}
		{6BDE497D-79AA-4807-98BC-99C87611FC9A} = {D80B7FB0-5DE9-4781-8A05-ABC798B3A90C}
		{EFF5C5AD-C7A5-4492-AFDE-2842B60D2443} = {C81A151D-1EA1-49D6-8A16-4F35A0E05ED4}
	EndGlobalSection
	GlobalSection(ProjectConfigurationPlatforms) = postSolution
		{87C217BE-D76D-45EF-B8ED-145211A57851}.Debug|Any CPU.ActiveCfg = Debug|Any CPU
		{87C217BE-D76D-45EF-B8ED-145211A57851}.Debug|Any CPU.Build.0 = Debug|Any CPU
		{87C217BE-D76D-45EF-B8ED-145211A57851}.Release|Any CPU.ActiveCfg = Release|Any CPU
		{87C217BE-D76D-45EF-B8ED-145211A57851}.Release|Any CPU.Build.0 = Release|Any CPU
		{E1331D9C-C4BA-44ED-A9F8-42540E8509A9}.Debug|Any CPU.ActiveCfg = Debug|Any CPU
		{E1331D9C-C4BA-44ED-A9F8-42540E8509A9}.Debug|Any CPU.Build.0 = Debug|Any CPU
		{E1331D9C-C4BA-44ED-A9F8-42540E8509A9}.Release|Any CPU.ActiveCfg = Release|Any CPU
		{E1331D9C-C4BA-44ED-A9F8-42540E8509A9}.Release|Any CPU.Build.0 = Release|Any CPU
		{B0A7A8D6-88A6-464A-A065-0A701AF6D0B9}.Debug|Any CPU.ActiveCfg = Debug|Any CPU
		{B0A7A8D6-88A6-464A-A065-0A701AF6D0B9}.Debug|Any CPU.Build.0 = Debug|Any CPU
		{B0A7A8D6-88A6-464A-A065-0A701AF6D0B9}.Release|Any CPU.ActiveCfg = Release|Any CPU
		{B0A7A8D6-88A6-464A-A065-0A701AF6D0B9}.Release|Any CPU.Build.0 = Release|Any CPU
		{6BDE497D-79AA-4807-98BC-99C87611FC9A}.Debug|Any CPU.ActiveCfg = Debug|Any CPU
		{6BDE497D-79AA-4807-98BC-99C87611FC9A}.Debug|Any CPU.Build.0 = Debug|Any CPU
		{6BDE497D-79AA-4807-98BC-99C87611FC9A}.Release|Any CPU.ActiveCfg = Release|Any CPU
		{6BDE497D-79AA-4807-98BC-99C87611FC9A}.Release|Any CPU.Build.0 = Release|Any CPU
		{EFF5C5AD-C7A5-4492-AFDE-2842B60D2443}.Debug|Any CPU.ActiveCfg = Debug|Any CPU
		{EFF5C5AD-C7A5-4492-AFDE-2842B60D2443}.Debug|Any CPU.Build.0 = Debug|Any CPU
		{EFF5C5AD-C7A5-4492-AFDE-2842B60D2443}.Release|Any CPU.ActiveCfg = Release|Any CPU
		{EFF5C5AD-C7A5-4492-AFDE-2842B60D2443}.Release|Any CPU.Build.0 = Release|Any CPU
	EndGlobalSection
EndGlobal
